
Microsoft Visual Studio Solution File, Format Version 12.00
# Visual Studio Version 17
VisualStudioVersion = 17.14.36616.10 d17.14
MinimumVisualStudioVersion = 10.0.40219.1
Project("{FAE04EC0-301F-11D3-BF4B-00C04F79EFBC}") = "Levavishwam Backend", "Levavishwam Backend.csproj", "{657A90AF-C9F9-4F48-B95B-02BB7D36CE89}"
EndProject
Global
	GlobalSection(SolutionConfigurationPlatforms) = preSolution
		Debug|Any CPU = Debug|Any CPU
		Release|Any CPU = Release|Any CPU
	EndGlobalSection
	GlobalSection(ProjectConfigurationPlatforms) = postSolution
		{657A90AF-C9F9-4F48-B95B-02BB7D36CE89}.Debug|Any CPU.ActiveCfg = Debug|Any CPU
		{657A90AF-C9F9-4F48-B95B-02BB7D36CE89}.Debug|Any CPU.Build.0 = Debug|Any CPU
		{657A90AF-C9F9-4F48-B95B-02BB7D36CE89}.Release|Any CPU.ActiveCfg = Release|Any CPU
		{657A90AF-C9F9-4F48-B95B-02BB7D36CE89}.Release|Any CPU.Build.0 = Release|Any CPU
	EndGlobalSection
	GlobalSection(SolutionProperties) = preSolution
		HideSolutionNode = FALSE
	EndGlobalSection
	GlobalSection(ExtensibilityGlobals) = postSolution
		SolutionGuid = {5A9FB503-F5F8-46CF-BC18-89CA7BE08E14}
	EndGlobalSection
EndGlobal
